PODS:
  - Alamofire (4.9.0)
  - FloatingPanel (1.6.5)
  - ObjectMapper (3.5.1)
  - SDWebImage (5.1.1):
    - SDWebImage/Core (= 5.1.1)
  - SDWebImage/Core (5.1.1)
  - VerticalCardSwiper (2.0.1)

DEPENDENCIES:
  - Alamofire
  - FloatingPanel
  - ObjectMapper
  - SDWebImage
  - VerticalCardSwiper

SPEC REPOS:
  https://github.com/cocoapods/specs.git:
    - Alamofire
    - FloatingPanel
    - ObjectMapper
    - SDWebImage
    - VerticalCardSwiper

SPEC CHECKSUMS:
  Alamofire: afc3e7c6db61476cb45cdd23fed06bad03bbc321
  FloatingPanel: f4a89a848e21415e2e2697ee8f61847178445aa7
  ObjectMapper: 70187b8941977c62ccfb423caf6b50be405cabf0
  SDWebImage: 96d7f03415ccb28d299d765f93557ff8a617abd8
  VerticalCardSwiper: a152823dbe457f7cc8920c86579c928bfe40d502

PODFILE CHECKSUM: 6560c0ff54e297f75dabb93a4a6b7a7b588bfc67

COCOAPODS: 1.7.5
